// !$*UTF8*$!
{
	archiveVersion = 1;
	classes = {
	};
	objectVersion = 46;
	objects = {

/* Begin PBXBuildFile section */
		ADE8E15B1A75CE4100D92C36 /* Cocoa.framework in Frameworks */ = {isa = PBXBuildFile; fileRef = ADE8E15A1A75CE4100D92C36 /* Cocoa.framework */; };
		ADE8E1651A75CE4100D92C36 /* InfoPlist.strings in Resources */ = {isa = PBXBuildFile; fileRef = ADE8E1631A75CE4100D92C36 /* InfoPlist.strings */; };
		ADE8E1671A75CE4100D92C36 /* main.m in Sources */ = {isa = PBXBuildFile; fileRef = ADE8E1661A75CE4100D92C36 /* main.m */; };
		ADE8E16B1A75CE4100D92C36 /* Credits.rtf in Resources */ = {isa = PBXBuildFile; fileRef = ADE8E1691A75CE4100D92C36 /* Credits.rtf */; };
		ADE8E16E1A75CE4100D92C36 /* AppDelegate.m in Sources */ = {isa = PBXBuildFile; fileRef = ADE8E16D1A75CE4100D92C36 /* AppDelegate.m */; };
		ADE8E1711A75CE4100D92C36 /* MainMenu.xib in Resources */ = {isa = PBXBuildFile; fileRef = ADE8E16F1A75CE4100D92C36 /* MainMenu.xib */; };
		ADE8E1731A75CE4100D92C36 /* Images.xcassets in Resources */ = {isa = PBXBuildFile; fileRef = ADE8E1721A75CE4100D92C36 /* Images.xcassets */; };
		ADE8E17A1A75CE4100D92C36 /* XCTest.framework in Frameworks */ = {isa = PBXBuildFile; fileRef = ADE8E1791A75CE4100D92C36 /* XCTest.framework */; };
		ADE8E17B1A75CE4100D92C36 /* Cocoa.framework in Frameworks */ = {isa = PBXBuildFile; fileRef = ADE8E15A1A75CE4100D92C36 /* Cocoa.framework */; };
		ADE8E1831A75CE4100D92C36 /* InfoPlist.strings in Resources */ = {isa = PBXBuildFile; fileRef = ADE8E1811A75CE4100D92C36 /* InfoPlist.strings */; };
		ADE8E1851A75CE4100D92C36 /* DockIconDemoTests.m in Sources */ = {isa = PBXBuildFile; fileRef = ADE8E1841A75CE4100D92C36 /* DockIconDemoTests.m */; };
		ADE8E18F1A75CF3800D92C36 /* appIcon.icns in Resources */ = {isa = PBXBuildFile; fileRef = ADE8E18E1A75CF3800D92C36 /* appIcon.icns */; };
		ADE8E1921A75DAE000D92C36 /* DockIconView.m in Sources */ = {isa = PBXBuildFile; fileRef = ADE8E1911A75DAE000D92C36 /* DockIconView.m */; };
/* End PBXBuildFile section */

/* Begin PBXContainerItemProxy section */
		ADE8E17C1A75CE4100D92C36 /* PBXContainerItemProxy */ = {
			isa = PBXContainerItemProxy;
			containerPortal = ADE8E14F1A75CE4100D92C36 /* Project object */;
			proxyType = 1;
			remoteGlobalIDString = ADE8E1561A75CE4100D92C36;
			remoteInfo = DockIconDemo;
		};
/* End PBXContainerItemProxy section */

/* Begin PBXFileReference section */
		ADE8E1571A75CE4100D92C36 /* DockIconDemo.app */ = {isa = PBXFileReference; explicitFileType = wrapper.application; includeInIndex = 0; path = DockIconDemo.app; sourceTree = BUILT_PRODUCTS_DIR; };
		ADE8E15A1A75CE4100D92C36 /* Cocoa.framework */ = {isa = PBXFileReference; lastKnownFileType = wrapper.framework; name = Cocoa.framework; path = System/Library/Frameworks/Cocoa.framework; sourceTree = SDKROOT; };
		ADE8E15D1A75CE4100D92C36 /* AppKit.framework */ = {isa = PBXFileReference; lastKnownFileType = wrapper.framework; name = AppKit.framework; path = System/Library/Frameworks/AppKit.framework; sourceTree = SDKROOT; };
		ADE8E15E1A75CE4100D92C36 /* CoreData.framework */ = {isa = PBXFileReference; lastKnownFileType = wrapper.framework; name = CoreData.framework; path = System/Library/Frameworks/CoreData.framework; sourceTree = SDKROOT; };
		ADE8E15F1A75CE4100D92C36 /* Foundation.framework */ = {isa = PBXFileReference; lastKnownFileType = wrapper.framework; name = Foundation.framework; path = System/Library/Frameworks/Foundation.framework; sourceTree = SDKROOT; };
		ADE8E1621A75CE4100D92C36 /* DockIconDemo-Info.plist */ = {isa = PBXFileReference; lastKnownFileType = text.plist.xml; path = "DockIconDemo-Info.plist"; sourceTree = "<group>"; };
		ADE8E1641A75CE4100D92C36 /* en */ = {isa = PBXFileReference; lastKnownFileType = text.plist.strings; name = en; path = en.lproj/InfoPlist.strings; sourceTree = "<group>"; };
		ADE8E1661A75CE4100D92C36 /* main.m */ = {isa = PBXFileReference; lastKnownFileType = sourcecode.c.objc; path = main.m; sourceTree = "<group>"; };
		ADE8E1681A75CE4100D92C36 /* DockIconDemo-Prefix.pch */ = {isa = PBXFileReference; lastKnownFileType = sourcecode.c.h; path = "DockIconDemo-Prefix.pch"; sourceTree = "<group>"; };
		ADE8E16A1A75CE4100D92C36 /* en */ = {isa = PBXFileReference; lastKnownFileType = text.rtf; name = en; path = en.lproj/Credits.rtf; sourceTree = "<group>"; };
		ADE8E16C1A75CE4100D92C36 /* AppDelegate.h */ = {isa = PBXFileReference; lastKnownFileType = sourcecode.c.h; path = AppDelegate.h; sourceTree = "<group>"; };
		ADE8E16D1A75CE4100D92C36 /* AppDelegate.m */ = {isa = PBXFileReference; lastKnownFileType = sourcecode.c.objc; path = AppDelegate.m; sourceTree = "<group>"; };
		ADE8E1701A75CE4100D92C36 /* Base */ = {isa = PBXFileReference; lastKnownFileType = file.xib; name = Base; path = Base.lproj/MainMenu.xib; sourceTree = "<group>"; };
		ADE8E1721A75CE4100D92C36 /* Images.xcassets */ = {isa = PBXFileReference; lastKnownFileType = folder.assetcatalog; path = Images.xcassets; sourceTree = "<group>"; };
		ADE8E1781A75CE4100D92C36 /* DockIconDemoTests.xctest */ = {isa = PBXFileReference; explicitFileType = wrapper.cfbundle; includeInIndex = 0; path = DockIconDemoTests.xctest; sourceTree = BUILT_PRODUCTS_DIR; };
		ADE8E1791A75CE4100D92C36 /* XCTest.framework */ = {isa = PBXFileReference; lastKnownFileType = wrapper.framework; name = XCTest.framework; path = Library/Frameworks/XCTest.framework; sourceTree = DEVELOPER_DIR; };
		ADE8E1801A75CE4100D92C36 /* DockIconDemoTests-Info.plist */ = {isa = PBXFileReference; lastKnownFileType = text.plist.xml; path = "DockIconDemoTests-Info.plist"; sourceTree = "<group>"; };
		ADE8E1821A75CE4100D92C36 /* en */ = {isa = PBXFileReference; lastKnownFileType = text.plist.strings; name = en; path = en.lproj/InfoPlist.strings; sourceTree = "<group>"; };
		ADE8E1841A75CE4100D92C36 /* DockIconDemoTests.m */ = {isa = PBXFileReference; lastKnownFileType = sourcecode.c.objc; path = DockIconDemoTests.m; sourceTree = "<group>"; };
		ADE8E18E1A75CF3800D92C36 /* appIcon.icns */ = {isa = PBXFileReference; lastKnownFileType = image.icns; name = appIcon.icns; path = ../appIcon.icns; sourceTree = "<group>"; };
		ADE8E1901A75DAE000D92C36 /* DockIconView.h */ = {isa = PBXFileReference; fileEncoding = 4; lastKnownFileType = sourcecode.c.h; path = DockIconView.h; sourceTree = "<group>"; };
		ADE8E1911A75DAE000D92C36 /* DockIconView.m */ = {isa = PBXFileReference; fileEncoding = 4; lastKnownFileType = sourcecode.c.objc; path = DockIconView.m; sourceTree = "<group>"; };
/* End PBXFileReference section */

/* Begin PBXFrameworksBuildPhase section */
		ADE8E1541A75CE4100D92C36 /* Frameworks */ = {
			isa = PBXFrameworksBuildPhase;
			buildActionMask = 2147483647;
			files = (
				ADE8E15B1A75CE4100D92C36 /* Cocoa.framework in Frameworks */,
			);
			runOnlyForDeploymentPostprocessing = 0;
		};
		ADE8E1751A75CE4100D92C36 /* Frameworks */ = {
			isa = PBXFrameworksBuildPhase;
			buildActionMask = 2147483647;
			files = (
				ADE8E17B1A75CE4100D92C36 /* Cocoa.framework in Frameworks */,
				ADE8E17A1A75CE4100D92C36 /* XCTest.framework in Frameworks */,
			);
			runOnlyForDeploymentPostprocessing = 0;
		};
/* End PBXFrameworksBuildPhase section */

/* Begin PBXGroup section */
		ADE8E14E1A75CE4100D92C36 = {
			isa = PBXGroup;
			children = (
				ADE8E1901A75DAE000D92C36 /* DockIconView.h */,
				ADE8E1911A75DAE000D92C36 /* DockIconView.m */,
				ADE8E1601A75CE4100D92C36 /* DockIconDemo */,
				ADE8E17E1A75CE4100D92C36 /* DockIconDemoTests */,
				ADE8E1591A75CE4100D92C36 /* Frameworks */,
				ADE8E1581A75CE4100D92C36 /* Products */,
			);
			sourceTree = "<group>";
		};
		ADE8E1581A75CE4100D92C36 /* Products */ = {
			isa = PBXGroup;
			children = (
				ADE8E1571A75CE4100D92C36 /* DockIconDemo.app */,
				ADE8E1781A75CE4100D92C36 /* DockIconDemoTests.xctest */,
			);
			name = Products;
			sourceTree = "<group>";
		};
		ADE8E1591A75CE4100D92C36 /* Frameworks */ = {
			isa = PBXGroup;
			children = (
				ADE8E15A1A75CE4100D92C36 /* Cocoa.framework */,
				ADE8E1791A75CE4100D92C36 /* XCTest.framework */,
				ADE8E15C1A75CE4100D92C36 /* Other Frameworks */,
			);
			name = Frameworks;
			sourceTree = "<group>";
		};
		ADE8E15C1A75CE4100D92C36 /* Other Frameworks */ = {
			isa = PBXGroup;
			children = (
				ADE8E15D1A75CE4100D92C36 /* AppKit.framework */,
				ADE8E15E1A75CE4100D92C36 /* CoreData.framework */,
				ADE8E15F1A75CE4100D92C36 /* Foundation.framework */,
			);
			name = "Other Frameworks";
			sourceTree = "<group>";
		};
		ADE8E1601A75CE4100D92C36 /* DockIconDemo */ = {
			isa = PBXGroup;
			children = (
				ADE8E16C1A75CE4100D92C36 /* AppDelegate.h */,
				ADE8E16D1A75CE4100D92C36 /* AppDelegate.m */,
				ADE8E16F1A75CE4100D92C36 /* MainMenu.xib */,
				ADE8E1721A75CE4100D92C36 /* Images.xcassets */,
				ADE8E18E1A75CF3800D92C36 /* appIcon.icns */,
				ADE8E1611A75CE4100D92C36 /* Supporting Files */,
			);
			path = DockIconDemo;
			sourceTree = "<group>";
		};
		ADE8E1611A75CE4100D92C36 /* Supporting Files */ = {
			isa = PBXGroup;
			children = (
				ADE8E1621A75CE4100D92C36 /* DockIconDemo-Info.plist */,
				ADE8E1631A75CE4100D92C36 /* InfoPlist.strings */,
				ADE8E1661A75CE4100D92C36 /* main.m */,
				ADE8E1681A75CE4100D92C36 /* DockIconDemo-Prefix.pch */,
				ADE8E1691A75CE4100D92C36 /* Credits.rtf */,
			);
			name = "Supporting Files";
			sourceTree = "<group>";
		};
		ADE8E17E1A75CE4100D92C36 /* DockIconDemoTests */ = {
			isa = PBXGroup;
			children = (
				ADE8E1841A75CE4100D92C36 /* DockIconDemoTests.m */,
				ADE8E17F1A75CE4100D92C36 /* Supporting Files */,
			);
			path = DockIconDemoTests;
			sourceTree = "<group>";
		};
		ADE8E17F1A75CE4100D92C36 /* Supporting Files */ = {
			isa = PBXGroup;
			children = (
				ADE8E1801A75CE4100D92C36 /* DockIconDemoTests-Info.plist */,
				ADE8E1811A75CE4100D92C36 /* InfoPlist.strings */,
			);
			name = "Supporting Files";
			sourceTree = "<group>";
		};
/* End PBXGroup section */

/* Begin PBXNativeTarget section */
		ADE8E1561A75CE4100D92C36 /* DockIconDemo */ = {
			isa = PBXNativeTarget;
			buildConfigurationList = ADE8E1881A75CE4100D92C36 /* Build configuration list for PBXNativeTarget "DockIconDemo" */;
			buildPhases = (
				ADE8E1531A75CE4100D92C36 /* Sources */,
				ADE8E1541A75CE4100D92C36 /* Frameworks */,
				ADE8E1551A75CE4100D92C36 /* Resources */,
			);
			buildRules = (
			);
			dependencies = (
			);
			name = DockIconDemo;
			productName = DockIconDemo;
			productReference = ADE8E1571A75CE4100D92C36 /* DockIconDemo.app */;
			productType = "com.apple.product-type.application";
		};
		ADE8E1771A75CE4100D92C36 /* DockIconDemoTests */ = {
			isa = PBXNativeTarget;
			buildConfigurationList = ADE8E18B1A75CE4100D92C36 /* Build configuration list for PBXNativeTarget "DockIconDemoTests" */;
			buildPhases = (
				ADE8E1741A75CE4100D92C36 /* Sources */,
				ADE8E1751A75CE4100D92C36 /* Frameworks */,
				ADE8E1761A75CE4100D92C36 /* Resources */,
			);
			buildRules = (
			);
			dependencies = (
				ADE8E17D1A75CE4100D92C36 /* PBXTargetDependency */,
			);
			name = DockIconDemoTests;
			productName = DockIconDemoTests;
			productReference = ADE8E1781A75CE4100D92C36 /* DockIconDemoTests.xctest */;
			productType = "com.apple.product-type.bundle.unit-test";
		};
/* End PBXNativeTarget section */

/* Begin PBXProject section */
		ADE8E14F1A75CE4100D92C36 /* Project object */ = {
			isa = PBXProject;
			attributes = {
				LastUpgradeCheck = 0510;
				ORGANIZATIONNAME = Linhb;
				TargetAttributes = {
					ADE8E1771A75CE4100D92C36 = {
						TestTargetID = ADE8E1561A75CE4100D92C36;
					};
				};
			};
			buildConfigurationList = ADE8E1521A75CE4100D92C36 /* Build configuration list for PBXProject "DockIconDemo" */;
			compatibilityVersion = "Xcode 3.2";
			developmentRegion = English;
			hasScannedForEncodings = 0;
			knownRegions = (
				en,
				Base,
			);
			mainGroup = ADE8E14E1A75CE4100D92C36;
			productRefGroup = ADE8E1581A75CE4100D92C36 /* Products */;
			projectDirPath = "";
			projectRoot = "";
			targets = (
				ADE8E1561A75CE4100D92C36 /* DockIconDemo */,
				ADE8E1771A75CE4100D92C36 /* DockIconDemoTests */,
			);
		};
/* End PBXProject section */

/* Begin PBXResourcesBuildPhase section */
		ADE8E1551A75CE4100D92C36 /* Resources */ = {
			isa = PBXResourcesBuildPhase;
			buildActionMask = 2147483647;
			files = (
				ADE8E18F1A75CF3800D92C36 /* appIcon.icns in Resources */,
				ADE8E1651A75CE4100D92C36 /* InfoPlist.strings in Resources */,
				ADE8E1731A75CE4100D92C36 /* Images.xcassets in Resources */,
				ADE8E16B1A75CE4100D92C36 /* Credits.rtf in Resources */,
				ADE8E1711A75CE4100D92C36 /* MainMenu.xib in Resources */,
			);
			runOnlyForDeploymentPostprocessing = 0;
		};
		ADE8E1761A75CE4100D92C36 /* Resources */ = {
			isa = PBXResourcesBuildPhase;
			buildActionMask = 2147483647;
			files = (
				ADE8E1831A75CE4100D92C36 /* InfoPlist.strings in Resources */,
			);
			runOnlyForDeploymentPostprocessing = 0;
		};
/* End PBXResourcesBuildPhase section */

/* Begin PBXSourcesBuildPhase section */
		ADE8E1531A75CE4100D92C36 /* Sources */ = {
			isa = PBXSourcesBuildPhase;
			buildActionMask = 2147483647;
			files = (
				ADE8E16E1A75CE4100D92C36 /* AppDelegate.m in Sources */,
				ADE8E1921A75DAE000D92C36 /* DockIconView.m in Sources */,
				ADE8E1671A75CE4100D92C36 /* main.m in Sources */,
			);
			runOnlyForDeploymentPostprocessing = 0;
		};
		ADE8E1741A75CE4100D92C36 /* Sources */ = {
			isa = PBXSourcesBuildPhase;
			buildActionMask = 2147483647;
			files = (
				ADE8E1851A75CE4100D92C36 /* DockIconDemoTests.m in Sources */,
			);
			runOnlyForDeploymentPostprocessing = 0;
		};
/* End PBXSourcesBuildPhase section */

/* Begin PBXTargetDependency section */
		ADE8E17D1A75CE4100D92C36 /* PBXTargetDependency */ = {
			isa = PBXTargetDependency;
			target = ADE8E1561A75CE4100D92C36 /* DockIconDemo */;
			targetProxy = ADE8E17C1A75CE4100D92C36 /* PBXContainerItemProxy */;
		};
/* End PBXTargetDependency section */

/* Begin PBXVariantGroup section */
		ADE8E1631A75CE4100D92C36 /* InfoPlist.strings */ = {
			isa = PBXVariantGroup;
			children = (
				ADE8E1641A75CE4100D92C36 /* en */,
			);
			name = InfoPlist.strings;
			sourceTree = "<group>";
		};
		ADE8E1691A75CE4100D92C36 /* Credits.rtf */ = {
			isa = PBXVariantGroup;
			children = (
				ADE8E16A1A75CE4100D92C36 /* en */,
			);
			name = Credits.rtf;
			sourceTree = "<group>";
		};
		ADE8E16F1A75CE4100D92C36 /* MainMenu.xib */ = {
			isa = PBXVariantGroup;
			children = (
				ADE8E1701A75CE4100D92C36 /* Base */,
			);
			name = MainMenu.xib;
			sourceTree = "<group>";
		};
		ADE8E1811A75CE4100D92C36 /* InfoPlist.strings */ = {
			isa = PBXVariantGroup;
			children = (
				ADE8E1821A75CE4100D92C36 /* en */,
			);
			name = InfoPlist.strings;
			sourceTree = "<group>";
		};
/* End PBXVariantGroup section */

/* Begin XCBuildConfiguration section */
		ADE8E1861A75CE4100D92C36 /* Debug */ = {
			isa = XCBuildConfiguration;
			buildSettings = {
				ALWAYS_SEARCH_USER_PATHS = NO;
				CLANG_CXX_LANGUAGE_STANDARD = "gnu++0x";
				CLANG_CXX_LIBRARY = "libc++";
				CLANG_ENABLE_MODULES = YES;
				CLANG_ENABLE_OBJC_ARC = YES;
				CLANG_WARN_BOOL_CONVERSION = YES;
				CLANG_WARN_CONSTANT_CONVERSION = YES;
				CLANG_WARN_DIRECT_OBJC_ISA_USAGE = YES_ERROR;
				CLANG_WARN_EMPTY_BODY = YES;
				CLANG_WARN_ENUM_CONVERSION = YES;
				CLANG_WARN_INT_CONVERSION = YES;
				CLANG_WARN_OBJC_ROOT_CLASS = YES_ERROR;
				CLANG_WARN__DUPLICATE_METHOD_MATCH = YES;
				COPY_PHASE_STRIP = NO;
				GCC_C_LANGUAGE_STANDARD = gnu99;
				GCC_DYNAMIC_NO_PIC = NO;
				GCC_ENABLE_OBJC_EXCEPTIONS = YES;
				GCC_OPTIMIZATION_LEVEL = 0;
				GCC_PREPROCESSOR_DEFINITIONS = (
					"DEBUG=1",
					"$(inherited)",
				);
				GCC_SYMBOLS_PRIVATE_EXTERN = NO;
				GCC_WARN_64_TO_32_BIT_CONVERSION = YES;
				GCC_WARN_ABOUT_RETURN_TYPE = YES_ERROR;
				GCC_WARN_UNDECLARED_SELECTOR = YES;
				GCC_WARN_UNINITIALIZED_AUTOS = YES_AGGRESSIVE;
				GCC_WARN_UNUSED_FUNCTION = YES;
				GCC_WARN_UNUSED_VARIABLE = YES;
				MACOSX_DEPLOYMENT_TARGET = 10.9;
				ONLY_ACTIVE_ARCH = YES;
				SDKROOT = macosx;
			};
			name = Debug;
		};
		ADE8E1871A75CE4100D92C36 /* Release */ = {
			isa = XCBuildConfiguration;
			buildSettings = {
				ALWAYS_SEARCH_USER_PATHS = NO;
				CLANG_CXX_LANGUAGE_STANDARD = "gnu++0x";
				CLANG_CXX_LIBRARY = "libc++";
				CLANG_ENABLE_MODULES = YES;
				CLANG_ENABLE_OBJC_ARC = YES;
				CLANG_WARN_BOOL_CONVERSION = YES;
				CLANG_WARN_CONSTANT_CONVERSION = YES;
				CLANG_WARN_DIRECT_OBJC_ISA_USAGE = YES_ERROR;
				CLANG_WARN_EMPTY_BODY = YES;
				CLANG_WARN_ENUM_CONVERSION = YES;
				CLANG_WARN_INT_CONVERSION = YES;
				CLANG_WARN_OBJC_ROOT_CLASS = YES_ERROR;
				CLANG_WARN__DUPLICATE_METHOD_MATCH = YES;
				COPY_PHASE_STRIP = YES;
				DEBUG_INFORMATION_FORMAT = "dwarf-with-dsym";
				ENABLE_NS_ASSERTIONS = NO;
				GCC_C_LANGUAGE_STANDARD = gnu99;
				GCC_ENABLE_OBJC_EXCEPTIONS = YES;
				GCC_WARN_64_TO_32_BIT_CONVERSION = YES;
				GCC_WARN_ABOUT_RETURN_TYPE = YES_ERROR;
				GCC_WARN_UNDECLARED_SELECTOR = YES;
				GCC_WARN_UNINITIALIZED_AUTOS = YES_AGGRESSIVE;
				GCC_WARN_UNUSED_FUNCTION = YES;
				GCC_WARN_UNUSED_VARIABLE = YES;
				MACOSX_DEPLOYMENT_TARGET = 10.9;
				SDKROOT = macosx;
			};
			name = Release;
		};
		ADE8E1891A75CE4100D92C36 /* Debug */ = {
			isa = XCBuildConfiguration;
			buildSettings = {
				ASSETCATALOG_COMPILER_APPICON_NAME = AppIcon;
				COMBINE_HIDPI_IMAGES = YES;
				GCC_PRECOMPILE_PREFIX_HEADER = YES;
				GCC_PREFIX_HEADER = "DockIconDemo/DockIconDemo-Prefix.pch";
				INFOPLIST_FILE = "DockIconDemo/DockIconDemo-Info.plist";
				PRODUCT_NAME = "$(TARGET_NAME)";
				WRAPPER_EXTENSION = app;
			};
			name = Debug;
		};
		ADE8E18A1A75CE4100D92C36 /* Release */ = {
			isa = XCBuildConfiguration;
			buildSettings = {
				ASSETCATALOG_COMPILER_APPICON_NAME = AppIcon;
				COMBINE_HIDPI_IMAGES = YES;
				GCC_PRECOMPILE_PREFIX_HEADER = YES;
				GCC_PREFIX_HEADER = "DockIconDemo/DockIconDemo-Prefix.pch";
				INFOPLIST_FILE = "DockIconDemo/DockIconDemo-Info.plist";
				PRODUCT_NAME = "$(TARGET_NAME)";
				WRAPPER_EXTENSION = app;
			};
			name = Release;
		};
		ADE8E18C1A75CE4100D92C36 /* Debug */ = {
			isa = XCBuildConfiguration;
			buildSettings = {
				BUNDLE_LOADER = "$(BUILT_PRODUCTS_DIR)/DockIconDemo.app/Contents/MacOS/DockIconDemo";
				COMBINE_HIDPI_IMAGES = YES;
				FRAMEWORK_SEARCH_PATHS = (
					"$(DEVELOPER_FRAMEWORKS_DIR)",
					"$(inherited)",
				);
				GCC_PRECOMPILE_PREFIX_HEADER = YES;
				GCC_PREFIX_HEADER = "DockIconDemo/DockIconDemo-Prefix.pch";
				GCC_PREPROCESSOR_DEFINITIONS = (
					"DEBUG=1",
					"$(inherited)",
				);
				INFOPLIST_FILE = "DockIconDemoTests/DockIconDemoTests-Info.plist";
				PRODUCT_NAME = "$(TARGET_NAME)";
				TEST_HOST = "$(BUNDLE_LOADER)";
				WRAPPER_EXTENSION = xctest;
			};
			name = Debug;
		};
		ADE8E18D1A75CE4100D92C36 /* Release */ = {
			isa = XCBuildConfiguration;
			buildSettings = {
				BUNDLE_LOADER = "$(BUILT_PRODUCTS_DIR)/DockIconDemo.app/Contents/MacOS/DockIconDemo";
				COMBINE_HIDPI_IMAGES = YES;
				FRAMEWORK_SEARCH_PATHS = (
					"$(DEVELOPER_FRAMEWORKS_DIR)",
					"$(inherited)",
				);
				GCC_PRECOMPILE_PREFIX_HEADER = YES;
				GCC_PREFIX_HEADER = "DockIconDemo/DockIconDemo-Prefix.pch";
				INFOPLIST_FILE = "DockIconDemoTests/DockIconDemoTests-Info.plist";
				PRODUCT_NAME = "$(TARGET_NAME)";
				TEST_HOST = "$(BUNDLE_LOADER)";
				WRAPPER_EXTENSION = xctest;
			};
			name = Release;
		};
/* End XCBuildConfiguration section */

/* Begin XCConfigurationList section */
		ADE8E1521A75CE4100D92C36 /* Build configuration list for PBXProject "DockIconDemo" */ = {
			isa = XCConfigurationList;
			buildConfigurations = (
				ADE8E1861A75CE4100D92C36 /* Debug */,
				ADE8E1871A75CE4100D92C36 /* Release */,
			);
			defaultConfigurationIsVisible = 0;
			defaultConfigurationName = Release;
		};
		ADE8E1881A75CE4100D92C36 /* Build configuration list for PBXNativeTarget "DockIconDemo" */ = {
			isa = XCConfigurationList;
			buildConfigurations = (
				ADE8E1891A75CE4100D92C36 /* Debug */,
				ADE8E18A1A75CE4100D92C36 /* Release */,
			);
			defaultConfigurationIsVisible = 0;
		};
		ADE8E18B1A75CE4100D92C36 /* Build configuration list for PBXNativeTarget "DockIconDemoTests" */ = {
			isa = XCConfigurationList;
			buildConfigurations = (
				ADE8E18C1A75CE4100D92C36 /* Debug */,
				ADE8E18D1A75CE4100D92C36 /* Release */,
			);
			defaultConfigurationIsVisible = 0;
		};
/* End XCConfigurationList section */
	};
	rootObject = ADE8E14F1A75CE4100D92C36 /* Project object */;
}
